
Microsoft Visual Studio Solution File, Format Version 12.00
# Visual Studio Version 17
VisualStudioVersion = 17.7.34031.279
MinimumVisualStudioVersion = 10.0.40219.1
Project("{FAE04EC0-301F-11D3-BF4B-00C04F79EFBC}") = "Tetris", "WindowsFormsApp7\Tetris.csproj", "{FAFE3435-19A0-4AC8-A786-3709F0151A0B}"
EndProject
Global
	GlobalSection(SolutionConfigurationPlatforms) = preSolution
		Debug|Any CPU = Debug|Any CPU
		Release|Any CPU = Release|Any CPU
	EndGlobalSection
	GlobalSection(ProjectConfigurationPlatforms) = postSolution
		{FAFE3435-19A0-4AC8-A786-3709F0151A0B}.Debug|Any CPU.ActiveCfg = Debug|Any CPU
		{FAFE3435-19A0-4AC8-A786-3709F0151A0B}.Debug|Any CPU.Build.0 = Debug|Any CPU
		{FAFE3435-19A0-4AC8-A786-3709F0151A0B}.Release|Any CPU.ActiveCfg = Release|Any CPU
		{FAFE3435-19A0-4AC8-A786-3709F0151A0B}.Release|Any CPU.Build.0 = Release|Any CPU
	EndGlobalSection
	GlobalSection(SolutionProperties) = preSolution
		HideSolutionNode = FALSE
	EndGlobalSection
	GlobalSection(ExtensibilityGlobals) = postSolution
		SolutionGuid = {9F40333B-1606-4A55-ACB1-EC9E1D212870}
	EndGlobalSection
EndGlobal
